
Microsoft Visual Studio Solution File, Format Version 12.00
# Visual Studio Version 17
VisualStudioVersion = 17.0.31912.275
MinimumVisualStudioVersion = 10.0.40219.1
Project("{E24C65DC-7377-472B-9ABA-BC803B73C61A}") = "WHG", "..\..\..\Documents\WHG\", "{DB252736-820B-48B3-A69F-836FED325D42}"
	ProjectSection(WebsiteProperties) = preProject
		TargetFrameworkMoniker = ".NETFramework,Version%3Dv4.8"
		Debug.AspNetCompiler.VirtualPath = "/localhost_58798"
		Debug.AspNetCompiler.PhysicalPath = "..\..\..\Documents\WHG\"
		Debug.AspNetCompiler.TargetPath = "PrecompiledWeb\localhost_58798\"
		Debug.AspNetCompiler.Updateable = "true"
		Debug.AspNetCompiler.ForceOverwrite = "true"
		Debug.AspNetCompiler.FixedNames = "false"
		Debug.AspNetCompiler.Debug = "True"
		Release.AspNetCompiler.VirtualPath = "/localhost_58798"
		Release.AspNetCompiler.PhysicalPath = "..\..\..\Documents\WHG\"
		Release.AspNetCompiler.TargetPath = "PrecompiledWeb\localhost_58798\"
		Release.AspNetCompiler.Updateable = "true"
		Release.AspNetCompiler.ForceOverwrite = "true"
		Release.AspNetCompiler.FixedNames = "false"
		Release.AspNetCompiler.Debug = "False"
		VWDPort = "58798"
		SlnRelativePath = "..\..\..\Documents\WHG\"
	EndProjectSection
EndProject
Global
	GlobalSection(SolutionConfigurationPlatforms) = preSolution
		Debug|Any CPU = Debug|Any CPU
	EndGlobalSection
	GlobalSection(ProjectConfigurationPlatforms) = postSolution
		{DB252736-820B-48B3-A69F-836FED325D42}.Debug|Any CPU.ActiveCfg = Debug|Any CPU
		{DB252736-820B-48B3-A69F-836FED325D42}.Debug|Any CPU.Build.0 = Debug|Any CPU
	EndGlobalSection
	GlobalSection(SolutionProperties) = preSolution
		HideSolutionNode = FALSE
	EndGlobalSection
	GlobalSection(ExtensibilityGlobals) = postSolution
		SolutionGuid = {4F6D15BA-45E4-4A5D-9CA4-619F741924E7}
	EndGlobalSection
EndGlobal
